
Microsoft Visual Studio Solution File, Format Version 12.00
# Visual Studio Version 17
VisualStudioVersion = 17.8.34511.84
MinimumVisualStudioVersion = 10.0.40219.1
Project("{2150E333-8FDC-42A3-9474-1A3956D46DE8}") = "Data", "Data", "{7D81FB50-156C-471B-8CC2-A543C603FD90}"
EndProject
Project("{2150E333-8FDC-42A3-9474-1A3956D46DE8}") = "Services", "Services", "{A62FA465-453F-4E77-8EF4-7A1650A6FD55}"
EndProject
Project("{2150E333-8FDC-42A3-9474-1A3956D46DE8}") = "Shared", "Shared", "{61B833AD-569A-4A9E-AAB2-BB855DC6DB65}"
EndProject
Project("{2150E333-8FDC-42A3-9474-1A3956D46DE8}") = "Systems", "Systems", "{FBAFE448-0448-47C8-BCFF-4D1D7BBB40D8}"
EndProject
Project("{2150E333-8FDC-42A3-9474-1A3956D46DE8}") = "Api", "Api", "{03B55FAB-D0DE-4BE6-A6FF-80489003C10B}"
EndProject
Project("{9A19103F-16F7-4668-BE54-9A1E7A4F7556}") = "LostAnimals.Api", "Systems\Api\LostAnimals.Api\LostAnimals.Api.csproj", "{631DE38C-914D-4485-93FD-0AADE737CE33}"
EndProject
Project("{9A19103F-16F7-4668-BE54-9A1E7A4F7556}") = "LostAnimals.Services.Settings", "Services\LostAnimals.Services.Settings\LostAnimals.Services.Settings.csproj", "{640451DD-2A27-4811-A27A-D8DF3D70C5B7}"
EndProject
Project("{9A19103F-16F7-4668-BE54-9A1E7A4F7556}") = "LostAnimals.Common", "Shared\LostAnimals.Common\LostAnimals.Common.csproj", "{6DF10DF7-31B9-4225-BF1D-E27EE826FE9B}"
EndProject
Project("{9A19103F-16F7-4668-BE54-9A1E7A4F7556}") = "LostAnimals.Services.Logger", "Services\LostAnimals.Services.Logger\LostAnimals.Services.Logger.csproj", "{8281AE9E-6BB1-41DF-A818-C98E46977A77}"
EndProject
Project("{9A19103F-16F7-4668-BE54-9A1E7A4F7556}") = "LostAnimals.Context.Entities", "Data\LostAnimals.Context.Entities\LostAnimals.Context.Entities.csproj", "{EF363EF7-B0AB-41F8-AC84-2F783DFA5C53}"
EndProject
Project("{9A19103F-16F7-4668-BE54-9A1E7A4F7556}") = "LostAnimals.Context", "Data\LostAnimals.Context\LostAnimals.Context.csproj", "{BB65320F-CB1D-4783-8CDB-4ECA79D6241B}"
EndProject
Project("{2150E333-8FDC-42A3-9474-1A3956D46DE8}") = "LostAnimals.Context.Migrations", "LostAnimals.Context.Migrations", "{DF8059C6-0F6A-46EE-AD6E-7C6EFF0B950C}"
EndProject
Project("{9A19103F-16F7-4668-BE54-9A1E7A4F7556}") = "LostAnimals.Context.Migrations.MSSQL", "Data\LostAnimals.Context.Migrations\LostAnimals.Context.Migrations.MSSQL\LostAnimals.Context.Migrations.MSSQL.csproj", "{C83D52FD-CB80-484E-9FD6-EC2FF53E42D7}"
EndProject
Project("{9A19103F-16F7-4668-BE54-9A1E7A4F7556}") = "LostAnimals.Context.Migrations.PgSql", "Data\LostAnimals.Context.Migrations\LostAnimals.Context.Migrations.PgSql\LostAnimals.Context.Migrations.PgSql.csproj", "{9AFF74E6-3FC9-412C-82C8-84A25DE8DEBF}"
EndProject
Project("{2150E333-8FDC-42A3-9474-1A3956D46DE8}") = "Identity", "Identity", "{BB0BE46F-DE03-4D6D-82B6-FF7634A38231}"
EndProject
Project("{9A19103F-16F7-4668-BE54-9A1E7A4F7556}") = "LostAnimals.Identity", "Systems\Identity\LostAnimals.Identity\LostAnimals.Identity.csproj", "{F7F3D012-43E2-4AF5-842F-2CDF691AA970}"
EndProject
Project("{9A19103F-16F7-4668-BE54-9A1E7A4F7556}") = "LostAnimals.Services.Notes", "Services\LostAnimals.Services.Notes\LostAnimals.Services.Notes.csproj", "{86101DBC-1D78-441E-A2D0-13775C3049D0}"
EndProject
Project("{9A19103F-16F7-4668-BE54-9A1E7A4F7556}") = "LostAnimals.Services.Comments", "Services\LostAnimals.Services.Comments\LostAnimals.Services.Comments.csproj", "{BE6EB645-9D23-423A-9647-39AF14D29ED5}"
EndProject
Project("{9A19103F-16F7-4668-BE54-9A1E7A4F7556}") = "LostAnimals.Services.Breeds", "Services\LostAnimals.Services.Breeds\LostAnimals.Services.Breeds.csproj", "{EB13BD38-62F1-4074-8356-C7DE9098854D}"
EndProject
Project("{9A19103F-16F7-4668-BE54-9A1E7A4F7556}") = "LostAnimals.Services.AnimalKinds", "Services\LostAnimals.Services.AnimalKinds\LostAnimals.Services.AnimalKinds.csproj", "{5F1C01DC-FE9C-4BD7-B4F5-8B391987804F}"
EndProject
Project("{9A19103F-16F7-4668-BE54-9A1E7A4F7556}") = "LostAnimals.Services.NoteCategories", "Services\LostAnimals.Services.NoteCategory\LostAnimals.Services.NoteCategories.csproj", "{420BD10C-758B-4813-8496-8CAC0D5D710F}"
EndProject
Project("{9A19103F-16F7-4668-BE54-9A1E7A4F7556}") = "LostAnimals.Services.UserAccount", "Services\LostAnimals.Services.UserAccount\LostAnimals.Services.UserAccount.csproj", "{2229DA36-4439-40D7-97FA-3E544B66B54F}"
EndProject
Project("{9A19103F-16F7-4668-BE54-9A1E7A4F7556}") = "LostAnimals.ApiSpecialSettings", "Systems\Api\LostAnimals.ApiSpecialSettings\LostAnimals.ApiSpecialSettings.csproj", "{F3B5468B-2984-42EB-A966-077692F88631}"
EndProject
Project("{2150E333-8FDC-42A3-9474-1A3956D46DE8}") = "_docker", "_docker", "{2F0E77F8-9ED0-406D-9A05-781522E9CFB7}"
	ProjectSection(SolutionItems) = preProject
		.dockerignore = .dockerignore
		docker-compose.override.yml = docker-compose.override.yml
		docker-compose.yml = docker-compose.yml
		env.api = env.api
		env.identity = env.identity
	EndProjectSection
EndProject
Project("{9A19103F-16F7-4668-BE54-9A1E7A4F7556}") = "LostAnimals.Services.EmailSender", "Services\LostAnimals.Services.EmailSender\LostAnimals.Services.EmailSender.csproj", "{912FF623-226E-4665-A343-CE0B13E0FEFE}"
EndProject
Project("{9A19103F-16F7-4668-BE54-9A1E7A4F7556}") = "LostAnimals.Services.PhotoService", "Services\LostAnimals.Services.PhotoService\LostAnimals.Services.PhotoService.csproj", "{1E7BF858-EE17-449A-949F-B77781B0EBAB}"
EndProject
Global
	GlobalSection(SolutionConfigurationPlatforms) = preSolution
		Debug|Any CPU = Debug|Any CPU
		Release|Any CPU = Release|Any CPU
	EndGlobalSection
	GlobalSection(ProjectConfigurationPlatforms) = postSolution
		{631DE38C-914D-4485-93FD-0AADE737CE33}.Debug|Any CPU.ActiveCfg = Debug|Any CPU
		{631DE38C-914D-4485-93FD-0AADE737CE33}.Debug|Any CPU.Build.0 = Debug|Any CPU
		{631DE38C-914D-4485-93FD-0AADE737CE33}.Release|Any CPU.ActiveCfg = Release|Any CPU
		{631DE38C-914D-4485-93FD-0AADE737CE33}.Release|Any CPU.Build.0 = Release|Any CPU
		{640451DD-2A27-4811-A27A-D8DF3D70C5B7}.Debug|Any CPU.ActiveCfg = Debug|Any CPU
		{640451DD-2A27-4811-A27A-D8DF3D70C5B7}.Debug|Any CPU.Build.0 = Debug|Any CPU
		{640451DD-2A27-4811-A27A-D8DF3D70C5B7}.Release|Any CPU.ActiveCfg = Release|Any CPU
		{640451DD-2A27-4811-A27A-D8DF3D70C5B7}.Release|Any CPU.Build.0 = Release|Any CPU
		{6DF10DF7-31B9-4225-BF1D-E27EE826FE9B}.Debug|Any CPU.ActiveCfg = Debug|Any CPU
		{6DF10DF7-31B9-4225-BF1D-E27EE826FE9B}.Debug|Any CPU.Build.0 = Debug|Any CPU
		{6DF10DF7-31B9-4225-BF1D-E27EE826FE9B}.Release|Any CPU.ActiveCfg = Release|Any CPU
		{6DF10DF7-31B9-4225-BF1D-E27EE826FE9B}.Release|Any CPU.Build.0 = Release|Any CPU
		{8281AE9E-6BB1-41DF-A818-C98E46977A77}.Debug|Any CPU.ActiveCfg = Debug|Any CPU
		{8281AE9E-6BB1-41DF-A818-C98E46977A77}.Debug|Any CPU.Build.0 = Debug|Any CPU
		{8281AE9E-6BB1-41DF-A818-C98E46977A77}.Release|Any CPU.ActiveCfg = Release|Any CPU
		{8281AE9E-6BB1-41DF-A818-C98E46977A77}.Release|Any CPU.Build.0 = Release|Any CPU
		{EF363EF7-B0AB-41F8-AC84-2F783DFA5C53}.Debug|Any CPU.ActiveCfg = Debug|Any CPU
		{EF363EF7-B0AB-41F8-AC84-2F783DFA5C53}.Debug|Any CPU.Build.0 = Debug|Any CPU
		{EF363EF7-B0AB-41F8-AC84-2F783DFA5C53}.Release|Any CPU.ActiveCfg = Release|Any CPU
		{EF363EF7-B0AB-41F8-AC84-2F783DFA5C53}.Release|Any CPU.Build.0 = Release|Any CPU
		{BB65320F-CB1D-4783-8CDB-4ECA79D6241B}.Debug|Any CPU.ActiveCfg = Debug|Any CPU
		{BB65320F-CB1D-4783-8CDB-4ECA79D6241B}.Debug|Any CPU.Build.0 = Debug|Any CPU
		{BB65320F-CB1D-4783-8CDB-4ECA79D6241B}.Release|Any CPU.ActiveCfg = Release|Any CPU
		{BB65320F-CB1D-4783-8CDB-4ECA79D6241B}.Release|Any CPU.Build.0 = Release|Any CPU
		{C83D52FD-CB80-484E-9FD6-EC2FF53E42D7}.Debug|Any CPU.ActiveCfg = Debug|Any CPU
		{C83D52FD-CB80-484E-9FD6-EC2FF53E42D7}.Debug|Any CPU.Build.0 = Debug|Any CPU
		{C83D52FD-CB80-484E-9FD6-EC2FF53E42D7}.Release|Any CPU.ActiveCfg = Release|Any CPU
		{C83D52FD-CB80-484E-9FD6-EC2FF53E42D7}.Release|Any CPU.Build.0 = Release|Any CPU
		{9AFF74E6-3FC9-412C-82C8-84A25DE8DEBF}.Debug|Any CPU.ActiveCfg = Debug|Any CPU
		{9AFF74E6-3FC9-412C-82C8-84A25DE8DEBF}.Debug|Any CPU.Build.0 = Debug|Any CPU
		{9AFF74E6-3FC9-412C-82C8-84A25DE8DEBF}.Release|Any CPU.ActiveCfg = Release|Any CPU
		{9AFF74E6-3FC9-412C-82C8-84A25DE8DEBF}.Release|Any CPU.Build.0 = Release|Any CPU
		{F7F3D012-43E2-4AF5-842F-2CDF691AA970}.Debug|Any CPU.ActiveCfg = Debug|Any CPU
		{F7F3D012-43E2-4AF5-842F-2CDF691AA970}.Debug|Any CPU.Build.0 = Debug|Any CPU
		{F7F3D012-43E2-4AF5-842F-2CDF691AA970}.Release|Any CPU.ActiveCfg = Release|Any CPU
		{F7F3D012-43E2-4AF5-842F-2CDF691AA970}.Release|Any CPU.Build.0 = Release|Any CPU
		{86101DBC-1D78-441E-A2D0-13775C3049D0}.Debug|Any CPU.ActiveCfg = Debug|Any CPU
		{86101DBC-1D78-441E-A2D0-13775C3049D0}.Debug|Any CPU.Build.0 = Debug|Any CPU
		{86101DBC-1D78-441E-A2D0-13775C3049D0}.Release|Any CPU.ActiveCfg = Release|Any CPU
		{86101DBC-1D78-441E-A2D0-13775C3049D0}.Release|Any CPU.Build.0 = Release|Any CPU
		{BE6EB645-9D23-423A-9647-39AF14D29ED5}.Debug|Any CPU.ActiveCfg = Debug|Any CPU
		{BE6EB645-9D23-423A-9647-39AF14D29ED5}.Debug|Any CPU.Build.0 = Debug|Any CPU
		{BE6EB645-9D23-423A-9647-39AF14D29ED5}.Release|Any CPU.ActiveCfg = Release|Any CPU
		{BE6EB645-9D23-423A-9647-39AF14D29ED5}.Release|Any CPU.Build.0 = Release|Any CPU
		{EB13BD38-62F1-4074-8356-C7DE9098854D}.Debug|Any CPU.ActiveCfg = Debug|Any CPU
		{EB13BD38-62F1-4074-8356-C7DE9098854D}.Debug|Any CPU.Build.0 = Debug|Any CPU
		{EB13BD38-62F1-4074-8356-C7DE9098854D}.Release|Any CPU.ActiveCfg = Release|Any CPU
		{EB13BD38-62F1-4074-8356-C7DE9098854D}.Release|Any CPU.Build.0 = Release|Any CPU
		{5F1C01DC-FE9C-4BD7-B4F5-8B391987804F}.Debug|Any CPU.ActiveCfg = Debug|Any CPU
		{5F1C01DC-FE9C-4BD7-B4F5-8B391987804F}.Debug|Any CPU.Build.0 = Debug|Any CPU
		{5F1C01DC-FE9C-4BD7-B4F5-8B391987804F}.Release|Any CPU.ActiveCfg = Release|Any CPU
		{5F1C01DC-FE9C-4BD7-B4F5-8B391987804F}.Release|Any CPU.Build.0 = Release|Any CPU
		{420BD10C-758B-4813-8496-8CAC0D5D710F}.Debug|Any CPU.ActiveCfg = Debug|Any CPU
		{420BD10C-758B-4813-8496-8CAC0D5D710F}.Debug|Any CPU.Build.0 = Debug|Any CPU
		{420BD10C-758B-4813-8496-8CAC0D5D710F}.Release|Any CPU.ActiveCfg = Release|Any CPU
		{420BD10C-758B-4813-8496-8CAC0D5D710F}.Release|Any CPU.Build.0 = Release|Any CPU
		{2229DA36-4439-40D7-97FA-3E544B66B54F}.Debug|Any CPU.ActiveCfg = Debug|Any CPU
		{2229DA36-4439-40D7-97FA-3E544B66B54F}.Debug|Any CPU.Build.0 = Debug|Any CPU
		{2229DA36-4439-40D7-97FA-3E544B66B54F}.Release|Any CPU.ActiveCfg = Release|Any CPU
		{2229DA36-4439-40D7-97FA-3E544B66B54F}.Release|Any CPU.Build.0 = Release|Any CPU
		{F3B5468B-2984-42EB-A966-077692F88631}.Debug|Any CPU.ActiveCfg = Debug|Any CPU
		{F3B5468B-2984-42EB-A966-077692F88631}.Debug|Any CPU.Build.0 = Debug|Any CPU
		{F3B5468B-2984-42EB-A966-077692F88631}.Release|Any CPU.ActiveCfg = Release|Any CPU
		{F3B5468B-2984-42EB-A966-077692F88631}.Release|Any CPU.Build.0 = Release|Any CPU
		{912FF623-226E-4665-A343-CE0B13E0FEFE}.Debug|Any CPU.ActiveCfg = Debug|Any CPU
		{912FF623-226E-4665-A343-CE0B13E0FEFE}.Debug|Any CPU.Build.0 = Debug|Any CPU
		{912FF623-226E-4665-A343-CE0B13E0FEFE}.Release|Any CPU.ActiveCfg = Release|Any CPU
		{912FF623-226E-4665-A343-CE0B13E0FEFE}.Release|Any CPU.Build.0 = Release|Any CPU
		{1E7BF858-EE17-449A-949F-B77781B0EBAB}.Debug|Any CPU.ActiveCfg = Debug|Any CPU
		{1E7BF858-EE17-449A-949F-B77781B0EBAB}.Debug|Any CPU.Build.0 = Debug|Any CPU
		{1E7BF858-EE17-449A-949F-B77781B0EBAB}.Release|Any CPU.ActiveCfg = Release|Any CPU
		{1E7BF858-EE17-449A-949F-B77781B0EBAB}.Release|Any CPU.Build.0 = Release|Any CPU
	EndGlobalSection
	GlobalSection(SolutionProperties) = preSolution
		HideSolutionNode = FALSE
	EndGlobalSection
	GlobalSection(NestedProjects) = preSolution
		{03B55FAB-D0DE-4BE6-A6FF-80489003C10B} = {FBAFE448-0448-47C8-BCFF-4D1D7BBB40D8}
		{631DE38C-914D-4485-93FD-0AADE737CE33} = {03B55FAB-D0DE-4BE6-A6FF-80489003C10B}
		{640451DD-2A27-4811-A27A-D8DF3D70C5B7} = {A62FA465-453F-4E77-8EF4-7A1650A6FD55}
		{6DF10DF7-31B9-4225-BF1D-E27EE826FE9B} = {61B833AD-569A-4A9E-AAB2-BB855DC6DB65}
		{8281AE9E-6BB1-41DF-A818-C98E46977A77} = {A62FA465-453F-4E77-8EF4-7A1650A6FD55}
		{EF363EF7-B0AB-41F8-AC84-2F783DFA5C53} = {7D81FB50-156C-471B-8CC2-A543C603FD90}
		{BB65320F-CB1D-4783-8CDB-4ECA79D6241B} = {7D81FB50-156C-471B-8CC2-A543C603FD90}
		{DF8059C6-0F6A-46EE-AD6E-7C6EFF0B950C} = {7D81FB50-156C-471B-8CC2-A543C603FD90}
		{C83D52FD-CB80-484E-9FD6-EC2FF53E42D7} = {DF8059C6-0F6A-46EE-AD6E-7C6EFF0B950C}
		{9AFF74E6-3FC9-412C-82C8-84A25DE8DEBF} = {DF8059C6-0F6A-46EE-AD6E-7C6EFF0B950C}
		{BB0BE46F-DE03-4D6D-82B6-FF7634A38231} = {FBAFE448-0448-47C8-BCFF-4D1D7BBB40D8}
		{F7F3D012-43E2-4AF5-842F-2CDF691AA970} = {BB0BE46F-DE03-4D6D-82B6-FF7634A38231}
		{86101DBC-1D78-441E-A2D0-13775C3049D0} = {A62FA465-453F-4E77-8EF4-7A1650A6FD55}
		{BE6EB645-9D23-423A-9647-39AF14D29ED5} = {A62FA465-453F-4E77-8EF4-7A1650A6FD55}
		{EB13BD38-62F1-4074-8356-C7DE9098854D} = {A62FA465-453F-4E77-8EF4-7A1650A6FD55}
		{5F1C01DC-FE9C-4BD7-B4F5-8B391987804F} = {A62FA465-453F-4E77-8EF4-7A1650A6FD55}
		{420BD10C-758B-4813-8496-8CAC0D5D710F} = {A62FA465-453F-4E77-8EF4-7A1650A6FD55}
		{2229DA36-4439-40D7-97FA-3E544B66B54F} = {A62FA465-453F-4E77-8EF4-7A1650A6FD55}
		{F3B5468B-2984-42EB-A966-077692F88631} = {03B55FAB-D0DE-4BE6-A6FF-80489003C10B}
		{912FF623-226E-4665-A343-CE0B13E0FEFE} = {A62FA465-453F-4E77-8EF4-7A1650A6FD55}
		{1E7BF858-EE17-449A-949F-B77781B0EBAB} = {A62FA465-453F-4E77-8EF4-7A1650A6FD55}
	EndGlobalSection
	GlobalSection(ExtensibilityGlobals) = postSolution
		SolutionGuid = {3B603206-9CF4-4C60-A951-D2297EA46217}
	EndGlobalSection
EndGlobal
